
Microsoft Visual Studio Solution File, Format Version 12.00
# Visual Studio Version 17
VisualStudioVersion = 17.6.33712.159
MinimumVisualStudioVersion = 10.0.40219.1
Project("{9A19103F-16F7-4668-BE54-9A1E7A4F7556}") = "GLChart.Samples", "GLChart.Client\GLChart.Samples.csproj", "{51749349-1FE7-4B0E-A3D6-AFEB88D19E5C}"
EndProject
Project("{9A19103F-16F7-4668-BE54-9A1E7A4F7556}") = "GLChart.WPF", "GLChart.WPF\GLChart.WPF.csproj", "{8C0CED63-23F4-4794-A3FF-8CC850B21CC6}"
EndProject
Global
	GlobalSection(SolutionConfigurationPlatforms) = preSolution
		Debug|Any CPU = Debug|Any CPU
		Release|Any CPU = Release|Any CPU
	EndGlobalSection
	GlobalSection(ProjectConfigurationPlatforms) = postSolution
		{51749349-1FE7-4B0E-A3D6-AFEB88D19E5C}.Debug|Any CPU.ActiveCfg = Debug|Any CPU
		{51749349-1FE7-4B0E-A3D6-AFEB88D19E5C}.Debug|Any CPU.Build.0 = Debug|Any CPU
		{51749349-1FE7-4B0E-A3D6-AFEB88D19E5C}.Release|Any CPU.ActiveCfg = Release|Any CPU
		{51749349-1FE7-4B0E-A3D6-AFEB88D19E5C}.Release|Any CPU.Build.0 = Release|Any CPU
		{8C0CED63-23F4-4794-A3FF-8CC850B21CC6}.Debug|Any CPU.ActiveCfg = Debug|Any CPU
		{8C0CED63-23F4-4794-A3FF-8CC850B21CC6}.Debug|Any CPU.Build.0 = Debug|Any CPU
		{8C0CED63-23F4-4794-A3FF-8CC850B21CC6}.Release|Any CPU.ActiveCfg = Release|Any CPU
		{8C0CED63-23F4-4794-A3FF-8CC850B21CC6}.Release|Any CPU.Build.0 = Release|Any CPU
	EndGlobalSection
	GlobalSection(SolutionProperties) = preSolution
		HideSolutionNode = FALSE
	EndGlobalSection
	GlobalSection(ExtensibilityGlobals) = postSolution
		SolutionGuid = {AAABB194-D492-41FE-947C-F75924CAA0A9}
	EndGlobalSection
EndGlobal
