
Microsoft Visual Studio Solution File, Format Version 12.00
# Visual Studio Version 16
VisualStudioVersion = 16.0.31205.134
MinimumVisualStudioVersion = 10.0.40219.1
Project("{FAE04EC0-301F-11D3-BF4B-00C04F79EFBC}") = "RLP.Chart.Interface", "RLP.Chart.Interface\RLP.Chart.Interface.csproj", "{D496772A-5045-4CE5-96AF-81540EBCB461}"
EndProject
Project("{FAE04EC0-301F-11D3-BF4B-00C04F79EFBC}") = "RLP.Chart.OpenGL", "RLP.Chart.OpenGL\RLP.Chart.OpenGL.csproj", "{8C0CED63-23F4-4794-A3FF-8CC850B21CC6}"
EndProject
Project("{FAE04EC0-301F-11D3-BF4B-00C04F79EFBC}") = "RLP.Chart.Client", "..\RLP.Chart.Client\RLP.Chart.Client.csproj", "{A329A55B-C454-4196-9B94-7851EA58FCB9}"
EndProject
Global
	GlobalSection(SolutionConfigurationPlatforms) = preSolution
		Debug|Any CPU = Debug|Any CPU
		Release|Any CPU = Release|Any CPU
	EndGlobalSection
	GlobalSection(ProjectConfigurationPlatforms) = postSolution
		{D496772A-5045-4CE5-96AF-81540EBCB461}.Debug|Any CPU.ActiveCfg = Debug|Any CPU
		{D496772A-5045-4CE5-96AF-81540EBCB461}.Debug|Any CPU.Build.0 = Debug|Any CPU
		{D496772A-5045-4CE5-96AF-81540EBCB461}.Release|Any CPU.ActiveCfg = Release|Any CPU
		{D496772A-5045-4CE5-96AF-81540EBCB461}.Release|Any CPU.Build.0 = Release|Any CPU
		{8C0CED63-23F4-4794-A3FF-8CC850B21CC6}.Debug|Any CPU.ActiveCfg = Debug|Any CPU
		{8C0CED63-23F4-4794-A3FF-8CC850B21CC6}.Debug|Any CPU.Build.0 = Debug|Any CPU
		{8C0CED63-23F4-4794-A3FF-8CC850B21CC6}.Release|Any CPU.ActiveCfg = Release|Any CPU
		{8C0CED63-23F4-4794-A3FF-8CC850B21CC6}.Release|Any CPU.Build.0 = Release|Any CPU
		{A329A55B-C454-4196-9B94-7851EA58FCB9}.Debug|Any CPU.ActiveCfg = Debug|Any CPU
		{A329A55B-C454-4196-9B94-7851EA58FCB9}.Debug|Any CPU.Build.0 = Debug|Any CPU
		{A329A55B-C454-4196-9B94-7851EA58FCB9}.Release|Any CPU.ActiveCfg = Release|Any CPU
		{A329A55B-C454-4196-9B94-7851EA58FCB9}.Release|Any CPU.Build.0 = Release|Any CPU
	EndGlobalSection
	GlobalSection(SolutionProperties) = preSolution
		HideSolutionNode = FALSE
	EndGlobalSection
	GlobalSection(ExtensibilityGlobals) = postSolution
		SolutionGuid = {AAABB194-D492-41FE-947C-F75924CAA0A9}
	EndGlobalSection
EndGlobal
